# This file is automatically @generated by Cargo.
# It is not intended for manual editing.
version = 3

[[package]]
name = "engine-core"
version = "0.1.0"

[[package]]
name = "jade"
version = "0.1.0"
dependencies = [
 "engine-core",
]

[[package]]
name = "tests"
version = "0.1.0"
dependencies = [
 "jade",
]
